
Microsoft Visual Studio Solution File, Format Version 12.00
# Visual Studio Version 16
VisualStudioVersion = 16.0.31613.86
MinimumVisualStudioVersion = 10.0.40219.1
Project("{8BC9CEB8-8B4A-11D0-8D11-00A0C91BC942}") = "pf_week7_1_65", "pf_week7_1_65\pf_week7_1_65.vcxproj", "{8D776511-F033-4DC9-A798-3F363BFE533F}"
EndProject
Global
	GlobalSection(SolutionConfigurationPlatforms) = preSolution
		Debug|x64 = Debug|x64
		Debug|x86 = Debug|x86
		Release|x64 = Release|x64
		Release|x86 = Release|x86
	EndGlobalSection
	GlobalSection(ProjectConfigurationPlatforms) = postSolution
		{8D776511-F033-4DC9-A798-3F363BFE533F}.Debug|x64.ActiveCfg = Debug|x64
		{8D776511-F033-4DC9-A798-3F363BFE533F}.Debug|x64.Build.0 = Debug|x64
		{8D776511-F033-4DC9-A798-3F363BFE533F}.Debug|x86.ActiveCfg = Debug|Win32
		{8D776511-F033-4DC9-A798-3F363BFE533F}.Debug|x86.Build.0 = Debug|Win32
		{8D776511-F033-4DC9-A798-3F363BFE533F}.Release|x64.ActiveCfg = Release|x64
		{8D776511-F033-4DC9-A798-3F363BFE533F}.Release|x64.Build.0 = Release|x64
		{8D776511-F033-4DC9-A798-3F363BFE533F}.Release|x86.ActiveCfg = Release|Win32
		{8D776511-F033-4DC9-A798-3F363BFE533F}.Release|x86.Build.0 = Release|Win32
	EndGlobalSection
	GlobalSection(SolutionProperties) = preSolution
		HideSolutionNode = FALSE
	EndGlobalSection
	GlobalSection(ExtensibilityGlobals) = postSolution
		SolutionGuid = {82D4D382-F7D3-40D4-A8BF-AA9E3387D049}
	EndGlobalSection
EndGlobal
